
Microsoft Visual Studio Solution File, Format Version 12.00
# Visual Studio Version 16
VisualStudioVersion = 16.0.29911.84
MinimumVisualStudioVersion = 10.0.40219.1
Project("{9A19103F-16F7-4668-BE54-9A1E7A4F7556}") = "MyLabLocalizer", "MyLabLocalizer\MyLabLocalizer.csproj", "{3C154064-86AB-4320-A26E-DC01B6FCFFE5}"
EndProject
Project("{9A19103F-16F7-4668-BE54-9A1E7A4F7556}") = "MyLabLocalizer.Core", "MyLabLocalizer.Core\MyLabLocalizer.Core.csproj", "{A8399FDD-E848-45E9-AFC0-C21B908638CC}"
EndProject
Project("{9A19103F-16F7-4668-BE54-9A1E7A4F7556}") = "MyLabLocalizer.Shared", "..\Shared\MyLabLocalizer.Shared\MyLabLocalizer.Shared.csproj", "{EEB0D1A5-5A71-46AC-B5C6-ECCE030E2C44}"
EndProject
Global
	GlobalSection(SolutionConfigurationPlatforms) = preSolution
		Debug|Any CPU = Debug|Any CPU
		Release|Any CPU = Release|Any CPU
	EndGlobalSection
	GlobalSection(ProjectConfigurationPlatforms) = postSolution
		{3C154064-86AB-4320-A26E-DC01B6FCFFE5}.Debug|Any CPU.ActiveCfg = Debug|Any CPU
		{3C154064-86AB-4320-A26E-DC01B6FCFFE5}.Debug|Any CPU.Build.0 = Debug|Any CPU
		{3C154064-86AB-4320-A26E-DC01B6FCFFE5}.Release|Any CPU.ActiveCfg = Release|Any CPU
		{3C154064-86AB-4320-A26E-DC01B6FCFFE5}.Release|Any CPU.Build.0 = Release|Any CPU
		{A8399FDD-E848-45E9-AFC0-C21B908638CC}.Debug|Any CPU.ActiveCfg = Debug|Any CPU
		{A8399FDD-E848-45E9-AFC0-C21B908638CC}.Debug|Any CPU.Build.0 = Debug|Any CPU
		{A8399FDD-E848-45E9-AFC0-C21B908638CC}.Release|Any CPU.ActiveCfg = Release|Any CPU
		{A8399FDD-E848-45E9-AFC0-C21B908638CC}.Release|Any CPU.Build.0 = Release|Any CPU
		{EEB0D1A5-5A71-46AC-B5C6-ECCE030E2C44}.Debug|Any CPU.ActiveCfg = Debug|Any CPU
		{EEB0D1A5-5A71-46AC-B5C6-ECCE030E2C44}.Debug|Any CPU.Build.0 = Debug|Any CPU
		{EEB0D1A5-5A71-46AC-B5C6-ECCE030E2C44}.Release|Any CPU.ActiveCfg = Release|Any CPU
		{EEB0D1A5-5A71-46AC-B5C6-ECCE030E2C44}.Release|Any CPU.Build.0 = Release|Any CPU
	EndGlobalSection
	GlobalSection(SolutionProperties) = preSolution
		HideSolutionNode = FALSE
	EndGlobalSection
	GlobalSection(ExtensibilityGlobals) = postSolution
		SolutionGuid = {F9C3689F-9479-4C95-B60F-0052456ED667}
	EndGlobalSection
EndGlobal
